
Microsoft Visual Studio Solution File, Format Version 12.00
Project("{FAE04EC0-301F-11D3-BF4B-00C04F79EFBC}") = "App.Repositories", "App.Repositories\App.Repositories.csproj", "{79EF8B61-FF7E-44F4-A5CB-813C7581CB7C}"
EndProject
Project("{FAE04EC0-301F-11D3-BF4B-00C04F79EFBC}") = "App.Services", "App.Services\App.Services.csproj", "{D46BE16C-AA70-4738-AB4D-FEB00B128287}"
EndProject
Project("{FAE04EC0-301F-11D3-BF4B-00C04F79EFBC}") = "App.API", "App.API\App.API.csproj", "{00364F1D-9990-4E48-B2FD-497560435E57}"
EndProject
Global
	GlobalSection(SolutionConfigurationPlatforms) = preSolution
		Debug|Any CPU = Debug|Any CPU
		Release|Any CPU = Release|Any CPU
	EndGlobalSection
	GlobalSection(ProjectConfigurationPlatforms) = postSolution
		{79EF8B61-FF7E-44F4-A5CB-813C7581CB7C}.Debug|Any CPU.ActiveCfg = Debug|Any CPU
		{79EF8B61-FF7E-44F4-A5CB-813C7581CB7C}.Debug|Any CPU.Build.0 = Debug|Any CPU
		{79EF8B61-FF7E-44F4-A5CB-813C7581CB7C}.Release|Any CPU.ActiveCfg = Release|Any CPU
		{79EF8B61-FF7E-44F4-A5CB-813C7581CB7C}.Release|Any CPU.Build.0 = Release|Any CPU
		{D46BE16C-AA70-4738-AB4D-FEB00B128287}.Debug|Any CPU.ActiveCfg = Debug|Any CPU
		{D46BE16C-AA70-4738-AB4D-FEB00B128287}.Debug|Any CPU.Build.0 = Debug|Any CPU
		{D46BE16C-AA70-4738-AB4D-FEB00B128287}.Release|Any CPU.ActiveCfg = Release|Any CPU
		{D46BE16C-AA70-4738-AB4D-FEB00B128287}.Release|Any CPU.Build.0 = Release|Any CPU
		{00364F1D-9990-4E48-B2FD-497560435E57}.Debug|Any CPU.ActiveCfg = Debug|Any CPU
		{00364F1D-9990-4E48-B2FD-497560435E57}.Debug|Any CPU.Build.0 = Debug|Any CPU
		{00364F1D-9990-4E48-B2FD-497560435E57}.Release|Any CPU.ActiveCfg = Release|Any CPU
		{00364F1D-9990-4E48-B2FD-497560435E57}.Release|Any CPU.Build.0 = Release|Any CPU
	EndGlobalSection
EndGlobal
